// !$*UTF8*$!
{
	archiveVersion = 1;
	classes = {
	};
	objectVersion = 46;
	objects = {

/* Begin PBXBuildFile section */
		E25FA532C94707969533392B /* libPods-YHMeiTuanHD.a in Frameworks */ = {isa = PBXBuildFile; fileRef = C97F78923753B455525BADCF /* libPods-YHMeiTuanHD.a */; };
		EA003F2E1DBE4C6300F5177C /* main.m in Sources */ = {isa = PBXBuildFile; fileRef = EA003F2D1DBE4C6300F5177C /* main.m */; };
		EA003F311DBE4C6300F5177C /* AppDelegate.m in Sources */ = {isa = PBXBuildFile; fileRef = EA003F301DBE4C6300F5177C /* AppDelegate.m */; };
		EA003F391DBE4C6300F5177C /* Assets.xcassets in Resources */ = {isa = PBXBuildFile; fileRef = EA003F381DBE4C6300F5177C /* Assets.xcassets */; };
		EA003F481DBE5C4E00F5177C /* categories.plist in Resources */ = {isa = PBXBuildFile; fileRef = EA003F441DBE5C4E00F5177C /* categories.plist */; };
		EA003F491DBE5C4E00F5177C /* cities.plist in Resources */ = {isa = PBXBuildFile; fileRef = EA003F451DBE5C4E00F5177C /* cities.plist */; };
		EA003F4A1DBE5C4E00F5177C /* cityGroups.plist in Resources */ = {isa = PBXBuildFile; fileRef = EA003F461DBE5C4E00F5177C /* cityGroups.plist */; };
		EA003F4B1DBE5C4E00F5177C /* sorts.plist in Resources */ = {isa = PBXBuildFile; fileRef = EA003F471DBE5C4E00F5177C /* sorts.plist */; };
		EA003F581DBE5EA200F5177C /* YHHomeViewController.m in Sources */ = {isa = PBXBuildFile; fileRef = EA003F571DBE5EA200F5177C /* YHHomeViewController.m */; };
		EA003F5C1DBE653400F5177C /* YHNavgationController.m in Sources */ = {isa = PBXBuildFile; fileRef = EA003F5B1DBE653400F5177C /* YHNavgationController.m */; };
		EA003F5F1DBE6A2700F5177C /* UIBarButtonItem+YHCategory.m in Sources */ = {isa = PBXBuildFile; fileRef = EA003F5E1DBE6A2700F5177C /* UIBarButtonItem+YHCategory.m */; };
		EA003F621DC1C91100F5177C /* UIView+YHCategory.m in Sources */ = {isa = PBXBuildFile; fileRef = EA003F611DC1C91100F5177C /* UIView+YHCategory.m */; };
		EA003F651DC1D95200F5177C /* YHHomeNavView.m in Sources */ = {isa = PBXBuildFile; fileRef = EA003F641DC1D95200F5177C /* YHHomeNavView.m */; };
		EA003F671DC1D9D200F5177C /* YHHomeNavView.xib in Resources */ = {isa = PBXBuildFile; fileRef = EA003F661DC1D9D200F5177C /* YHHomeNavView.xib */; };
		EA874F711DC358150015FFBA /* YHDropdownView.xib in Resources */ = {isa = PBXBuildFile; fileRef = EA874F701DC358150015FFBA /* YHDropdownView.xib */; };
		EA874F741DC359840015FFBA /* YHCategoryViewController.m in Sources */ = {isa = PBXBuildFile; fileRef = EA874F731DC359840015FFBA /* YHCategoryViewController.m */; };
		EA874F771DC35DFE0015FFBA /* YHDropdownView.m in Sources */ = {isa = PBXBuildFile; fileRef = EA874F761DC35DFE0015FFBA /* YHDropdownView.m */; };
		EA874F7C1DC4858D0015FFBA /* YHCategoryModel.m in Sources */ = {isa = PBXBuildFile; fileRef = EA874F7B1DC4858D0015FFBA /* YHCategoryModel.m */; };
		EAC7F10D1DC5C721001C9F89 /* YHDropdownViewLeftCell.m in Sources */ = {isa = PBXBuildFile; fileRef = EAC7F10C1DC5C721001C9F89 /* YHDropdownViewLeftCell.m */; };
		EAC7F1101DC5C73F001C9F89 /* YHDropdownViewRightCell.m in Sources */ = {isa = PBXBuildFile; fileRef = EAC7F10F1DC5C73F001C9F89 /* YHDropdownViewRightCell.m */; };
		EAEBD7221DC6004B004E58D7 /* YHDistrictViewController.m in Sources */ = {isa = PBXBuildFile; fileRef = EAEBD7201DC6004B004E58D7 /* YHDistrictViewController.m */; };
		EAEBD7231DC6004B004E58D7 /* YHDistrictViewController.xib in Resources */ = {isa = PBXBuildFile; fileRef = EAEBD7211DC6004B004E58D7 /* YHDistrictViewController.xib */; };
		EAEBD7261DC60B4C004E58D7 /* YHCityViewController.m in Sources */ = {isa = PBXBuildFile; fileRef = EAEBD7251DC60B4C004E58D7 /* YHCityViewController.m */; };
		EAEBD7281DC60E8D004E58D7 /* YHCityViewController.xib in Resources */ = {isa = PBXBuildFile; fileRef = EAEBD7271DC60E8D004E58D7 /* YHCityViewController.xib */; };
		EAEBD72B1DC62771004E58D7 /* YHCityGroupModel.m in Sources */ = {isa = PBXBuildFile; fileRef = EAEBD72A1DC62771004E58D7 /* YHCityGroupModel.m */; };
/* End PBXBuildFile section */

/* Begin PBXFileReference section */
		68325FE114259909543F39C7 /* Pods-YHMeiTuanHD.release.xcconfig */ = {isa = PBXFileReference; includeInIndex = 1; lastKnownFileType = text.xcconfig; name = "Pods-YHMeiTuanHD.release.xcconfig"; path = "Pods/Target Support Files/Pods-YHMeiTuanHD/Pods-YHMeiTuanHD.release.xcconfig"; sourceTree = "<group>"; };
		C97F78923753B455525BADCF /* libPods-YHMeiTuanHD.a */ = {isa = PBXFileReference; explicitFileType = archive.ar; includeInIndex = 0; path = "libPods-YHMeiTuanHD.a"; sourceTree = BUILT_PRODUCTS_DIR; };
		EA003F291DBE4C6300F5177C /* YHMeiTuanHD.app */ = {isa = PBXFileReference; explicitFileType = wrapper.application; includeInIndex = 0; path = YHMeiTuanHD.app; sourceTree = BUILT_PRODUCTS_DIR; };
		EA003F2D1DBE4C6300F5177C /* main.m */ = {isa = PBXFileReference; lastKnownFileType = sourcecode.c.objc; path = main.m; sourceTree = "<group>"; };
		EA003F2F1DBE4C6300F5177C /* AppDelegate.h */ = {isa = PBXFileReference; lastKnownFileType = sourcecode.c.h; path = AppDelegate.h; sourceTree = "<group>"; };
		EA003F301DBE4C6300F5177C /* AppDelegate.m */ = {isa = PBXFileReference; lastKnownFileType = sourcecode.c.objc; path = AppDelegate.m; sourceTree = "<group>"; };
		EA003F381DBE4C6300F5177C /* Assets.xcassets */ = {isa = PBXFileReference; lastKnownFileType = folder.assetcatalog; path = Assets.xcassets; sourceTree = "<group>"; };
		EA003F3D1DBE4C6300F5177C /* Info.plist */ = {isa = PBXFileReference; lastKnownFileType = text.plist.xml; path = Info.plist; sourceTree = "<group>"; };
		EA003F441DBE5C4E00F5177C /* categories.plist */ = {isa = PBXFileReference; fileEncoding = 4; lastKnownFileType = text.plist.xml; path = categories.plist; sourceTree = "<group>"; };
		EA003F451DBE5C4E00F5177C /* cities.plist */ = {isa = PBXFileReference; fileEncoding = 4; lastKnownFileType = text.plist.xml; path = cities.plist; sourceTree = "<group>"; };
		EA003F461DBE5C4E00F5177C /* cityGroups.plist */ = {isa = PBXFileReference; fileEncoding = 4; lastKnownFileType = text.plist.xml; path = cityGroups.plist; sourceTree = "<group>"; };
		EA003F471DBE5C4E00F5177C /* sorts.plist */ = {isa = PBXFileReference; fileEncoding = 4; lastKnownFileType = text.plist.xml; path = sorts.plist; sourceTree = "<group>"; };
		EA003F561DBE5EA200F5177C /* YHHomeViewController.h */ = {isa = PBXFileReference; fileEncoding = 4; lastKnownFileType = sourcecode.c.h; path = YHHomeViewController.h; sourceTree = "<group>"; };
		EA003F571DBE5EA200F5177C /* YHHomeViewController.m */ = {isa = PBXFileReference; fileEncoding = 4; lastKnownFileType = sourcecode.c.objc; path = YHHomeViewController.m; sourceTree = "<group>"; };
		EA003F591DBE60FD00F5177C /* PrefixHeader.pch */ = {isa = PBXFileReference; lastKnownFileType = sourcecode.c.h; path = PrefixHeader.pch; sourceTree = "<group>"; };
		EA003F5A1DBE653400F5177C /* YHNavgationController.h */ = {isa = PBXFileReference; fileEncoding = 4; lastKnownFileType = sourcecode.c.h; path = YHNavgationController.h; sourceTree = "<group>"; };
		EA003F5B1DBE653400F5177C /* YHNavgationController.m */ = {isa = PBXFileReference; fileEncoding = 4; lastKnownFileType = sourcecode.c.objc; path = YHNavgationController.m; sourceTree = "<group>"; };
		EA003F5D1DBE6A2700F5177C /* UIBarButtonItem+YHCategory.h */ = {isa = PBXFileReference; fileEncoding = 4; lastKnownFileType = sourcecode.c.h; path = "UIBarButtonItem+YHCategory.h"; sourceTree = "<group>"; };
		EA003F5E1DBE6A2700F5177C /* UIBarButtonItem+YHCategory.m */ = {isa = PBXFileReference; fileEncoding = 4; lastKnownFileType = sourcecode.c.objc; path = "UIBarButtonItem+YHCategory.m"; sourceTree = "<group>"; };
		EA003F601DC1C91100F5177C /* UIView+YHCategory.h */ = {isa = PBXFileReference; fileEncoding = 4; lastKnownFileType = sourcecode.c.h; path = "UIView+YHCategory.h"; sourceTree = "<group>"; };
		EA003F611DC1C91100F5177C /* UIView+YHCategory.m */ = {isa = PBXFileReference; fileEncoding = 4; lastKnownFileType = sourcecode.c.objc; path = "UIView+YHCategory.m"; sourceTree = "<group>"; };
		EA003F631DC1D95200F5177C /* YHHomeNavView.h */ = {isa = PBXFileReference; fileEncoding = 4; lastKnownFileType = sourcecode.c.h; path = YHHomeNavView.h; sourceTree = "<group>"; };
		EA003F641DC1D95200F5177C /* YHHomeNavView.m */ = {isa = PBXFileReference; fileEncoding = 4; lastKnownFileType = sourcecode.c.objc; path = YHHomeNavView.m; sourceTree = "<group>"; };
		EA003F661DC1D9D200F5177C /* YHHomeNavView.xib */ = {isa = PBXFileReference; fileEncoding = 4; lastKnownFileType = file.xib; path = YHHomeNavView.xib; sourceTree = "<group>"; };
		EA874F701DC358150015FFBA /* YHDropdownView.xib */ = {isa = PBXFileReference; fileEncoding = 4; lastKnownFileType = file.xib; path = YHDropdownView.xib; sourceTree = "<group>"; };
		EA874F721DC359840015FFBA /* YHCategoryViewController.h */ = {isa = PBXFileReference; fileEncoding = 4; lastKnownFileType = sourcecode.c.h; path = YHCategoryViewController.h; sourceTree = "<group>"; };
		EA874F731DC359840015FFBA /* YHCategoryViewController.m */ = {isa = PBXFileReference; fileEncoding = 4; lastKnownFileType = sourcecode.c.objc; path = YHCategoryViewController.m; sourceTree = "<group>"; };
		EA874F751DC35DFE0015FFBA /* YHDropdownView.h */ = {isa = PBXFileReference; fileEncoding = 4; lastKnownFileType = sourcecode.c.h; path = YHDropdownView.h; sourceTree = "<group>"; };
		EA874F761DC35DFE0015FFBA /* YHDropdownView.m */ = {isa = PBXFileReference; fileEncoding = 4; lastKnownFileType = sourcecode.c.objc; path = YHDropdownView.m; sourceTree = "<group>"; };
		EA874F7A1DC4858D0015FFBA /* YHCategoryModel.h */ = {isa = PBXFileReference; fileEncoding = 4; lastKnownFileType = sourcecode.c.h; path = YHCategoryModel.h; sourceTree = "<group>"; };
		EA874F7B1DC4858D0015FFBA /* YHCategoryModel.m */ = {isa = PBXFileReference; fileEncoding = 4; lastKnownFileType = sourcecode.c.objc; path = YHCategoryModel.m; sourceTree = "<group>"; };
		EAC7F10B1DC5C721001C9F89 /* YHDropdownViewLeftCell.h */ = {isa = PBXFileReference; fileEncoding = 4; lastKnownFileType = sourcecode.c.h; path = YHDropdownViewLeftCell.h; sourceTree = "<group>"; };
		EAC7F10C1DC5C721001C9F89 /* YHDropdownViewLeftCell.m */ = {isa = PBXFileReference; fileEncoding = 4; lastKnownFileType = sourcecode.c.objc; path = YHDropdownViewLeftCell.m; sourceTree = "<group>"; };
		EAC7F10E1DC5C73F001C9F89 /* YHDropdownViewRightCell.h */ = {isa = PBXFileReference; fileEncoding = 4; lastKnownFileType = sourcecode.c.h; path = YHDropdownViewRightCell.h; sourceTree = "<group>"; };
		EAC7F10F1DC5C73F001C9F89 /* YHDropdownViewRightCell.m */ = {isa = PBXFileReference; fileEncoding = 4; lastKnownFileType = sourcecode.c.objc; path = YHDropdownViewRightCell.m; sourceTree = "<group>"; };
		EAEBD71F1DC6004B004E58D7 /* YHDistrictViewController.h */ = {isa = PBXFileReference; fileEncoding = 4; lastKnownFileType = sourcecode.c.h; path = YHDistrictViewController.h; sourceTree = "<group>"; };
		EAEBD7201DC6004B004E58D7 /* YHDistrictViewController.m */ = {isa = PBXFileReference; fileEncoding = 4; lastKnownFileType = sourcecode.c.objc; path = YHDistrictViewController.m; sourceTree = "<group>"; };
		EAEBD7211DC6004B004E58D7 /* YHDistrictViewController.xib */ = {isa = PBXFileReference; fileEncoding = 4; lastKnownFileType = file.xib; path = YHDistrictViewController.xib; sourceTree = "<group>"; };
		EAEBD7241DC60B4C004E58D7 /* YHCityViewController.h */ = {isa = PBXFileReference; fileEncoding = 4; lastKnownFileType = sourcecode.c.h; path = YHCityViewController.h; sourceTree = "<group>"; };
		EAEBD7251DC60B4C004E58D7 /* YHCityViewController.m */ = {isa = PBXFileReference; fileEncoding = 4; lastKnownFileType = sourcecode.c.objc; path = YHCityViewController.m; sourceTree = "<group>"; };
		EAEBD7271DC60E8D004E58D7 /* YHCityViewController.xib */ = {isa = PBXFileReference; fileEncoding = 4; lastKnownFileType = file.xib; path = YHCityViewController.xib; sourceTree = "<group>"; };
		EAEBD7291DC62771004E58D7 /* YHCityGroupModel.h */ = {isa = PBXFileReference; fileEncoding = 4; lastKnownFileType = sourcecode.c.h; path = YHCityGroupModel.h; sourceTree = "<group>"; };
		EAEBD72A1DC62771004E58D7 /* YHCityGroupModel.m */ = {isa = PBXFileReference; fileEncoding = 4; lastKnownFileType = sourcecode.c.objc; path = YHCityGroupModel.m; sourceTree = "<group>"; };
		F7A853098888787FDB815116 /* Pods-YHMeiTuanHD.debug.xcconfig */ = {isa = PBXFileReference; includeInIndex = 1; lastKnownFileType = text.xcconfig; name = "Pods-YHMeiTuanHD.debug.xcconfig"; path = "Pods/Target Support Files/Pods-YHMeiTuanHD/Pods-YHMeiTuanHD.debug.xcconfig"; sourceTree = "<group>"; };
/* End PBXFileReference section */

/* Begin PBXFrameworksBuildPhase section */
		EA003F261DBE4C6300F5177C /* Frameworks */ = {
			isa = PBXFrameworksBuildPhase;
			buildActionMask = 2147483647;
			files = (
				E25FA532C94707969533392B /* libPods-YHMeiTuanHD.a in Frameworks */,
			);
			runOnlyForDeploymentPostprocessing = 0;
		};
/* End PBXFrameworksBuildPhase section */

/* Begin PBXGroup section */
		1AC6B5397BC112AE2DF8EA9E /* Pods */ = {
			isa = PBXGroup;
			children = (
				F7A853098888787FDB815116 /* Pods-YHMeiTuanHD.debug.xcconfig */,
				68325FE114259909543F39C7 /* Pods-YHMeiTuanHD.release.xcconfig */,
			);
			name = Pods;
			sourceTree = "<group>";
		};
		B3B8DF9A773EF1A0EDBAD239 /* Frameworks */ = {
			isa = PBXGroup;
			children = (
				C97F78923753B455525BADCF /* libPods-YHMeiTuanHD.a */,
			);
			name = Frameworks;
			sourceTree = "<group>";
		};
		EA003F201DBE4C6300F5177C = {
			isa = PBXGroup;
			children = (
				EA003F2B1DBE4C6300F5177C /* YHMeiTuanHD */,
				EA003F2A1DBE4C6300F5177C /* Products */,
				1AC6B5397BC112AE2DF8EA9E /* Pods */,
				B3B8DF9A773EF1A0EDBAD239 /* Frameworks */,
			);
			sourceTree = "<group>";
		};
		EA003F2A1DBE4C6300F5177C /* Products */ = {
			isa = PBXGroup;
			children = (
				EA003F291DBE4C6300F5177C /* YHMeiTuanHD.app */,
			);
			name = Products;
			sourceTree = "<group>";
		};
		EA003F2B1DBE4C6300F5177C /* YHMeiTuanHD */ = {
			isa = PBXGroup;
			children = (
				EA003F2F1DBE4C6300F5177C /* AppDelegate.h */,
				EA003F301DBE4C6300F5177C /* AppDelegate.m */,
				EA003F4C1DBE5E6200F5177C /* Classes */,
				EA003F2C1DBE4C6300F5177C /* Supporting Files */,
			);
			path = YHMeiTuanHD;
			sourceTree = "<group>";
		};
		EA003F2C1DBE4C6300F5177C /* Supporting Files */ = {
			isa = PBXGroup;
			children = (
				EA003F591DBE60FD00F5177C /* PrefixHeader.pch */,
				EA003F431DBE5C4E00F5177C /* Plist */,
				EA003F381DBE4C6300F5177C /* Assets.xcassets */,
				EA003F3D1DBE4C6300F5177C /* Info.plist */,
				EA003F2D1DBE4C6300F5177C /* main.m */,
			);
			name = "Supporting Files";
			sourceTree = "<group>";
		};
		EA003F431DBE5C4E00F5177C /* Plist */ = {
			isa = PBXGroup;
			children = (
				EA003F441DBE5C4E00F5177C /* categories.plist */,
				EA003F451DBE5C4E00F5177C /* cities.plist */,
				EA003F461DBE5C4E00F5177C /* cityGroups.plist */,
				EA003F471DBE5C4E00F5177C /* sorts.plist */,
			);
			path = Plist;
			sourceTree = "<group>";
		};
		EA003F4C1DBE5E6200F5177C /* Classes */ = {
			isa = PBXGroup;
			children = (
				EA003F4D1DBE5E6200F5177C /* Home */,
				EA003F511DBE5E6200F5177C /* Main */,
			);
			path = Classes;
			sourceTree = "<group>";
		};
		EA003F4D1DBE5E6200F5177C /* Home */ = {
			isa = PBXGroup;
			children = (
				EA003F4E1DBE5E6200F5177C /* Controller */,
				EA003F4F1DBE5E6200F5177C /* Model */,
				EA003F501DBE5E6200F5177C /* View */,
			);
			path = Home;
			sourceTree = "<group>";
		};
		EA003F4E1DBE5E6200F5177C /* Controller */ = {
			isa = PBXGroup;
			children = (
				EA003F561DBE5EA200F5177C /* YHHomeViewController.h */,
				EA003F571DBE5EA200F5177C /* YHHomeViewController.m */,
				EA874F721DC359840015FFBA /* YHCategoryViewController.h */,
				EA874F731DC359840015FFBA /* YHCategoryViewController.m */,
				EAEBD71F1DC6004B004E58D7 /* YHDistrictViewController.h */,
				EAEBD7201DC6004B004E58D7 /* YHDistrictViewController.m */,
				EAEBD7211DC6004B004E58D7 /* YHDistrictViewController.xib */,
				EAEBD7241DC60B4C004E58D7 /* YHCityViewController.h */,
				EAEBD7251DC60B4C004E58D7 /* YHCityViewController.m */,
				EAEBD7271DC60E8D004E58D7 /* YHCityViewController.xib */,
			);
			path = Controller;
			sourceTree = "<group>";
		};
		EA003F4F1DBE5E6200F5177C /* Model */ = {
			isa = PBXGroup;
			children = (
				EA874F7A1DC4858D0015FFBA /* YHCategoryModel.h */,
				EA874F7B1DC4858D0015FFBA /* YHCategoryModel.m */,
				EAEBD7291DC62771004E58D7 /* YHCityGroupModel.h */,
				EAEBD72A1DC62771004E58D7 /* YHCityGroupModel.m */,
			);
			path = Model;
			sourceTree = "<group>";
		};
		EA003F501DBE5E6200F5177C /* View */ = {
			isa = PBXGroup;
			children = (
				EA003F631DC1D95200F5177C /* YHHomeNavView.h */,
				EA003F641DC1D95200F5177C /* YHHomeNavView.m */,
				EA003F661DC1D9D200F5177C /* YHHomeNavView.xib */,
				EA874F751DC35DFE0015FFBA /* YHDropdownView.h */,
				EA874F761DC35DFE0015FFBA /* YHDropdownView.m */,
				EA874F701DC358150015FFBA /* YHDropdownView.xib */,
				EAC7F10B1DC5C721001C9F89 /* YHDropdownViewLeftCell.h */,
				EAC7F10C1DC5C721001C9F89 /* YHDropdownViewLeftCell.m */,
				EAC7F10E1DC5C73F001C9F89 /* YHDropdownViewRightCell.h */,
				EAC7F10F1DC5C73F001C9F89 /* YHDropdownViewRightCell.m */,
			);
			path = View;
			sourceTree = "<group>";
		};
		EA003F511DBE5E6200F5177C /* Main */ = {
			isa = PBXGroup;
			children = (
				EA003F521DBE5E6200F5177C /* BaseController */,
				EA003F531DBE5E6200F5177C /* Category */,
				EA003F541DBE5E6200F5177C /* Lib */,
				EA003F551DBE5E6200F5177C /* Tool */,
			);
			path = Main;
			sourceTree = "<group>";
		};
		EA003F521DBE5E6200F5177C /* BaseController */ = {
			isa = PBXGroup;
			children = (
				EA003F5A1DBE653400F5177C /* YHNavgationController.h */,
				EA003F5B1DBE653400F5177C /* YHNavgationController.m */,
			);
			path = BaseController;
			sourceTree = "<group>";
		};
		EA003F531DBE5E6200F5177C /* Category */ = {
			isa = PBXGroup;
			children = (
				EA003F5D1DBE6A2700F5177C /* UIBarButtonItem+YHCategory.h */,
				EA003F5E1DBE6A2700F5177C /* UIBarButtonItem+YHCategory.m */,
				EA003F601DC1C91100F5177C /* UIView+YHCategory.h */,
				EA003F611DC1C91100F5177C /* UIView+YHCategory.m */,
			);
			path = Category;
			sourceTree = "<group>";
		};
		EA003F541DBE5E6200F5177C /* Lib */ = {
			isa = PBXGroup;
			children = (
			);
			path = Lib;
			sourceTree = "<group>";
		};
		EA003F551DBE5E6200F5177C /* Tool */ = {
			isa = PBXGroup;
			children = (
			);
			path = Tool;
			sourceTree = "<group>";
		};
/* End PBXGroup section */

/* Begin PBXNativeTarget section */
		EA003F281DBE4C6300F5177C /* YHMeiTuanHD */ = {
			isa = PBXNativeTarget;
			buildConfigurationList = EA003F401DBE4C6300F5177C /* Build configuration list for PBXNativeTarget "YHMeiTuanHD" */;
			buildPhases = (
				F1CF1B80C11FED6CF7828D36 /* [CP] Check Pods Manifest.lock */,
				EA003F251DBE4C6300F5177C /* Sources */,
				EA003F261DBE4C6300F5177C /* Frameworks */,
				EA003F271DBE4C6300F5177C /* Resources */,
				2DF09D2C90C1FA0D1FFB11A6 /* [CP] Embed Pods Frameworks */,
				04986022C3B3A590E0FA2F1D /* [CP] Copy Pods Resources */,
			);
			buildRules = (
			);
			dependencies = (
			);
			name = YHMeiTuanHD;
			productName = YHMeiTuanHD;
			productReference = EA003F291DBE4C6300F5177C /* YHMeiTuanHD.app */;
			productType = "com.apple.product-type.application";
		};
/* End PBXNativeTarget section */

/* Begin PBXProject section */
		EA003F211DBE4C6300F5177C /* Project object */ = {
			isa = PBXProject;
			attributes = {
				CLASSPREFIX = YH;
				LastUpgradeCheck = 0730;
				ORGANIZATIONNAME = YYH;
				TargetAttributes = {
					EA003F281DBE4C6300F5177C = {
						CreatedOnToolsVersion = 7.3.1;
					};
				};
			};
			buildConfigurationList = EA003F241DBE4C6300F5177C /* Build configuration list for PBXProject "YHMeiTuanHD" */;
			compatibilityVersion = "Xcode 3.2";
			developmentRegion = English;
			hasScannedForEncodings = 0;
			knownRegions = (
				en,
				Base,
			);
			mainGroup = EA003F201DBE4C6300F5177C;
			productRefGroup = EA003F2A1DBE4C6300F5177C /* Products */;
			projectDirPath = "";
			projectRoot = "";
			targets = (
				EA003F281DBE4C6300F5177C /* YHMeiTuanHD */,
			);
		};
/* End PBXProject section */

/* Begin PBXResourcesBuildPhase section */
		EA003F271DBE4C6300F5177C /* Resources */ = {
			isa = PBXResourcesBuildPhase;
			buildActionMask = 2147483647;
			files = (
				EA003F671DC1D9D200F5177C /* YHHomeNavView.xib in Resources */,
				EA874F711DC358150015FFBA /* YHDropdownView.xib in Resources */,
				EA003F481DBE5C4E00F5177C /* categories.plist in Resources */,
				EAEBD7231DC6004B004E58D7 /* YHDistrictViewController.xib in Resources */,
				EA003F4B1DBE5C4E00F5177C /* sorts.plist in Resources */,
				EA003F391DBE4C6300F5177C /* Assets.xcassets in Resources */,
				EA003F491DBE5C4E00F5177C /* cities.plist in Resources */,
				EA003F4A1DBE5C4E00F5177C /* cityGroups.plist in Resources */,
				EAEBD7281DC60E8D004E58D7 /* YHCityViewController.xib in Resources */,
			);
			runOnlyForDeploymentPostprocessing = 0;
		};
/* End PBXResourcesBuildPhase section */

/* Begin PBXShellScriptBuildPhase section */
		04986022C3B3A590E0FA2F1D /* [CP] Copy Pods Resources */ = {
			isa = PBXShellScriptBuildPhase;
			buildActionMask = 2147483647;
			files = (
			);
			inputPaths = (
			);
			name = "[CP] Copy Pods Resources";
			outputPaths = (
			);
			runOnlyForDeploymentPostprocessing = 0;
			shellPath = /bin/sh;
			shellScript = "\"${SRCROOT}/Pods/Target Support Files/Pods-YHMeiTuanHD/Pods-YHMeiTuanHD-resources.sh\"\n";
			showEnvVarsInLog = 0;
		};
		2DF09D2C90C1FA0D1FFB11A6 /* [CP] Embed Pods Frameworks */ = {
			isa = PBXShellScriptBuildPhase;
			buildActionMask = 2147483647;
			files = (
			);
			inputPaths = (
			);
			name = "[CP] Embed Pods Frameworks";
			outputPaths = (
			);
			runOnlyForDeploymentPostprocessing = 0;
			shellPath = /bin/sh;
			shellScript = "\"${SRCROOT}/Pods/Target Support Files/Pods-YHMeiTuanHD/Pods-YHMeiTuanHD-frameworks.sh\"\n";
			showEnvVarsInLog = 0;
		};
		F1CF1B80C11FED6CF7828D36 /* [CP] Check Pods Manifest.lock */ = {
			isa = PBXShellScriptBuildPhase;
			buildActionMask = 2147483647;
			files = (
			);
			inputPaths = (
			);
			name = "[CP] Check Pods Manifest.lock";
			outputPaths = (
			);
			runOnlyForDeploymentPostprocessing = 0;
			shellPath = /bin/sh;
			shellScript = "diff \"${PODS_ROOT}/../Podfile.lock\" \"${PODS_ROOT}/Manifest.lock\" > /dev/null\nif [[ $? != 0 ]] ; then\n    cat << EOM\nerror: The sandbox is not in sync with the Podfile.lock. Run 'pod install' or update your CocoaPods installation.\nEOM\n    exit 1\nfi\n";
			showEnvVarsInLog = 0;
		};
/* End PBXShellScriptBuildPhase section */

/* Begin PBXSourcesBuildPhase section */
		EA003F251DBE4C6300F5177C /* Sources */ = {
			isa = PBXSourcesBuildPhase;
			buildActionMask = 2147483647;
			files = (
				EA003F311DBE4C6300F5177C /* AppDelegate.m in Sources */,
				EA003F5F1DBE6A2700F5177C /* UIBarButtonItem+YHCategory.m in Sources */,
				EA003F2E1DBE4C6300F5177C /* main.m in Sources */,
				EAEBD7221DC6004B004E58D7 /* YHDistrictViewController.m in Sources */,
				EA874F771DC35DFE0015FFBA /* YHDropdownView.m in Sources */,
				EA874F741DC359840015FFBA /* YHCategoryViewController.m in Sources */,
				EA003F621DC1C91100F5177C /* UIView+YHCategory.m in Sources */,
				EAEBD72B1DC62771004E58D7 /* YHCityGroupModel.m in Sources */,
				EA874F7C1DC4858D0015FFBA /* YHCategoryModel.m in Sources */,
				EAEBD7261DC60B4C004E58D7 /* YHCityViewController.m in Sources */,
				EAC7F10D1DC5C721001C9F89 /* YHDropdownViewLeftCell.m in Sources */,
				EA003F5C1DBE653400F5177C /* YHNavgationController.m in Sources */,
				EA003F651DC1D95200F5177C /* YHHomeNavView.m in Sources */,
				EA003F581DBE5EA200F5177C /* YHHomeViewController.m in Sources */,
				EAC7F1101DC5C73F001C9F89 /* YHDropdownViewRightCell.m in Sources */,
			);
			runOnlyForDeploymentPostprocessing = 0;
		};
/* End PBXSourcesBuildPhase section */

/* Begin XCBuildConfiguration section */
		EA003F3E1DBE4C6300F5177C /* Debug */ = {
			isa = XCBuildConfiguration;
			buildSettings = {
				ALWAYS_SEARCH_USER_PATHS = NO;
				CLANG_ANALYZER_NONNULL = YES;
				CLANG_CXX_LANGUAGE_STANDARD = "gnu++0x";
				CLANG_CXX_LIBRARY = "libc++";
				CLANG_ENABLE_MODULES = YES;
				CLANG_ENABLE_OBJC_ARC = YES;
				CLANG_WARN_BOOL_CONVERSION = YES;
				CLANG_WARN_CONSTANT_CONVERSION = YES;
				CLANG_WARN_DIRECT_OBJC_ISA_USAGE = YES_ERROR;
				CLANG_WARN_EMPTY_BODY = YES;
				CLANG_WARN_ENUM_CONVERSION = YES;
				CLANG_WARN_INT_CONVERSION = YES;
				CLANG_WARN_OBJC_ROOT_CLASS = YES_ERROR;
				CLANG_WARN_UNREACHABLE_CODE = YES;
				CLANG_WARN__DUPLICATE_METHOD_MATCH = YES;
				"CODE_SIGN_IDENTITY[sdk=iphoneos*]" = "iPhone Developer";
				COPY_PHASE_STRIP = NO;
				DEBUG_INFORMATION_FORMAT = dwarf;
				ENABLE_STRICT_OBJC_MSGSEND = YES;
				ENABLE_TESTABILITY = YES;
				GCC_C_LANGUAGE_STANDARD = gnu99;
				GCC_DYNAMIC_NO_PIC = NO;
				GCC_NO_COMMON_BLOCKS = YES;
				GCC_OPTIMIZATION_LEVEL = 0;
				GCC_PREPROCESSOR_DEFINITIONS = (
					"DEBUG=1",
					"$(inherited)",
				);
				GCC_WARN_64_TO_32_BIT_CONVERSION = YES;
				GCC_WARN_ABOUT_RETURN_TYPE = YES_ERROR;
				GCC_WARN_UNDECLARED_SELECTOR = YES;
				GCC_WARN_UNINITIALIZED_AUTOS = YES_AGGRESSIVE;
				GCC_WARN_UNUSED_FUNCTION = YES;
				GCC_WARN_UNUSED_VARIABLE = YES;
				IPHONEOS_DEPLOYMENT_TARGET = 9.3;
				MTL_ENABLE_DEBUG_INFO = YES;
				ONLY_ACTIVE_ARCH = YES;
				SDKROOT = iphoneos;
			};
			name = Debug;
		};
		EA003F3F1DBE4C6300F5177C /* Release */ = {
			isa = XCBuildConfiguration;
			buildSettings = {
				ALWAYS_SEARCH_USER_PATHS = NO;
				CLANG_ANALYZER_NONNULL = YES;
				CLANG_CXX_LANGUAGE_STANDARD = "gnu++0x";
				CLANG_CXX_LIBRARY = "libc++";
				CLANG_ENABLE_MODULES = YES;
				CLANG_ENABLE_OBJC_ARC = YES;
				CLANG_WARN_BOOL_CONVERSION = YES;
				CLANG_WARN_CONSTANT_CONVERSION = YES;
				CLANG_WARN_DIRECT_OBJC_ISA_USAGE = YES_ERROR;
				CLANG_WARN_EMPTY_BODY = YES;
				CLANG_WARN_ENUM_CONVERSION = YES;
				CLANG_WARN_INT_CONVERSION = YES;
				CLANG_WARN_OBJC_ROOT_CLASS = YES_ERROR;
				CLANG_WARN_UNREACHABLE_CODE = YES;
				CLANG_WARN__DUPLICATE_METHOD_MATCH = YES;
				"CODE_SIGN_IDENTITY[sdk=iphoneos*]" = "iPhone Developer";
				COPY_PHASE_STRIP = NO;
				DEBUG_INFORMATION_FORMAT = "dwarf-with-dsym";
				ENABLE_NS_ASSERTIONS = NO;
				ENABLE_STRICT_OBJC_MSGSEND = YES;
				GCC_C_LANGUAGE_STANDARD = gnu99;
				GCC_NO_COMMON_BLOCKS = YES;
				GCC_WARN_64_TO_32_BIT_CONVERSION = YES;
				GCC_WARN_ABOUT_RETURN_TYPE = YES_ERROR;
				GCC_WARN_UNDECLARED_SELECTOR = YES;
				GCC_WARN_UNINITIALIZED_AUTOS = YES_AGGRESSIVE;
				GCC_WARN_UNUSED_FUNCTION = YES;
				GCC_WARN_UNUSED_VARIABLE = YES;
				IPHONEOS_DEPLOYMENT_TARGET = 9.3;
				MTL_ENABLE_DEBUG_INFO = NO;
				SDKROOT = iphoneos;
				VALIDATE_PRODUCT = YES;
			};
			name = Release;
		};
		EA003F411DBE4C6300F5177C /* Debug */ = {
			isa = XCBuildConfiguration;
			baseConfigurationReference = F7A853098888787FDB815116 /* Pods-YHMeiTuanHD.debug.xcconfig */;
			buildSettings = {
				ASSETCATALOG_COMPILER_APPICON_NAME = AppIcon;
				ASSETCATALOG_COMPILER_LAUNCHIMAGE_NAME = "Brand Assets";
				CODE_SIGN_IDENTITY = "iPhone Developer";
				GCC_PREFIX_HEADER = YHMeiTuanHD/PrefixHeader.pch;
				INFOPLIST_FILE = YHMeiTuanHD/Info.plist;
				IPHONEOS_DEPLOYMENT_TARGET = 8.0;
				LD_RUNPATH_SEARCH_PATHS = "$(inherited) @executable_path/Frameworks";
				PRODUCT_BUNDLE_IDENTIFIER = cn.yyh.YHMeiTuanHD;
				PRODUCT_NAME = "$(TARGET_NAME)";
				TARGETED_DEVICE_FAMILY = 2;
			};
			name = Debug;
		};
		EA003F421DBE4C6300F5177C /* Release */ = {
			isa = XCBuildConfiguration;
			baseConfigurationReference = 68325FE114259909543F39C7 /* Pods-YHMeiTuanHD.release.xcconfig */;
			buildSettings = {
				ASSETCATALOG_COMPILER_APPICON_NAME = AppIcon;
				ASSETCATALOG_COMPILER_LAUNCHIMAGE_NAME = "Brand Assets";
				CODE_SIGN_IDENTITY = "iPhone Developer";
				GCC_PREFIX_HEADER = YHMeiTuanHD/PrefixHeader.pch;
				INFOPLIST_FILE = YHMeiTuanHD/Info.plist;
				IPHONEOS_DEPLOYMENT_TARGET = 8.0;
				LD_RUNPATH_SEARCH_PATHS = "$(inherited) @executable_path/Frameworks";
				PRODUCT_BUNDLE_IDENTIFIER = cn.yyh.YHMeiTuanHD;
				PRODUCT_NAME = "$(TARGET_NAME)";
				TARGETED_DEVICE_FAMILY = 2;
			};
			name = Release;
		};
/* End XCBuildConfiguration section */

/* Begin XCConfigurationList section */
		EA003F241DBE4C6300F5177C /* Build configuration list for PBXProject "YHMeiTuanHD" */ = {
			isa = XCConfigurationList;
			buildConfigurations = (
				EA003F3E1DBE4C6300F5177C /* Debug */,
				EA003F3F1DBE4C6300F5177C /* Release */,
			);
			defaultConfigurationIsVisible = 0;
			defaultConfigurationName = Release;
		};
		EA003F401DBE4C6300F5177C /* Build configuration list for PBXNativeTarget "YHMeiTuanHD" */ = {
			isa = XCConfigurationList;
			buildConfigurations = (
				EA003F411DBE4C6300F5177C /* Debug */,
				EA003F421DBE4C6300F5177C /* Release */,
			);
			defaultConfigurationIsVisible = 0;
			defaultConfigurationName = Release;
		};
/* End XCConfigurationList section */
	};
	rootObject = EA003F211DBE4C6300F5177C /* Project object */;
}
